github.com/spandigital/presidium-layouts-base v0.13.0 h1:PG16zEdnGcphKjf8GzOJ0BvJ32rJmGoc1ACXXLZrTYU=
github.com/spandigital/presidium-layouts-base v0.13.0/go.mod h1:sBRhQpfijPC3gfgoaN4sYxgEzu4C8DYR+tEey+34TJw=
github.com/spandigital/presidium-styling-base v0.5.1 h1:BX2TfiG0eoCSvnknEsCuFAM63MCuyUjYiBl6scW5yb0=
github.com/spandigital/presidium-styling-base v0.5.1/go.mod h1:NC3IsAi2ryXooQKMMBE9/dwhHyx1DT92bvjRf9yM6SA=
